
Microsoft Visual Studio Solution File, Format Version 12.00
# Visual Studio 15
Project("{FAE04EC0-301F-11D3-BF4B-00C04F79EFBC}") = "3DESFile", "3DESFile.csproj", "{E1F2D204-328A-40E8-9664-71BE79FBEB03}"
EndProject
Project("{FAE04EC0-301F-11D3-BF4B-00C04F79EFBC}") = "3DESFileTest", "3DESFileTest\3DESFileTest.csproj", "{E8CCA999-2D42-413F-ABA5-2E18C8DFD108}"
EndProject
Global
	GlobalSection(SolutionConfigurationPlatforms) = preSolution
		Debug|Any CPU = Debug|Any CPU
		Release|Any CPU = Release|Any CPU
	EndGlobalSection
	GlobalSection(ProjectConfigurationPlatforms) = postSolution
		{E1F2D204-328A-40E8-9664-71BE79FBEB03}.Debug|Any CPU.ActiveCfg = Debug|Any CPU
		{E1F2D204-328A-40E8-9664-71BE79FBEB03}.Debug|Any CPU.Build.0 = Debug|Any CPU
		{E1F2D204-328A-40E8-9664-71BE79FBEB03}.Release|Any CPU.ActiveCfg = Release|Any CPU
		{E1F2D204-328A-40E8-9664-71BE79FBEB03}.Release|Any CPU.Build.0 = Release|Any CPU
		{E8CCA999-2D42-413F-ABA5-2E18C8DFD108}.Debug|Any CPU.ActiveCfg = Debug|Any CPU
		{E8CCA999-2D42-413F-ABA5-2E18C8DFD108}.Debug|Any CPU.Build.0 = Debug|Any CPU
		{E8CCA999-2D42-413F-ABA5-2E18C8DFD108}.Release|Any CPU.ActiveCfg = Release|Any CPU
		{E8CCA999-2D42-413F-ABA5-2E18C8DFD108}.Release|Any CPU.Build.0 = Release|Any CPU
	EndGlobalSection
	GlobalSection(MonoDevelopProperties) = preSolution
		Policies = $0
		$0.DotNetNamingPolicy = $1
		$1.DirectoryNamespaceAssociation = PrefixedHierarchical
		$0.StandardHeader = $2
		$0.VersionControlPolicy = $3
	EndGlobalSection
EndGlobal
